// !$*UTF8*$!
{
	archiveVersion = 1;
	classes = {
	};
	objectVersion = 56;
	objects = {

/* Begin PBXBuildFile section */
		E624D4CD2BFAEFC500BC201B /* Meal.swift in Sources */ = {isa = PBXBuildFile; fileRef = E624D4CC2BFAEFC500BC201B /* Meal.swift */; };
		E626557E2BF644C700943FEB /* MainMenuPage.swift in Sources */ = {isa = PBXBuildFile; fileRef = E626557D2BF644C700943FEB /* MainMenuPage.swift */; };
		E62655802BF64BE100943FEB /* AddMealPage.swift in Sources */ = {isa = PBXBuildFile; fileRef = E626557F2BF64BE100943FEB /* AddMealPage.swift */; };
		E62655882BF70A0500943FEB /* LLMChatViewModel.swift in Sources */ = {isa = PBXBuildFile; fileRef = E62655872BF70A0500943FEB /* LLMChatViewModel.swift */; };
		E66633EB2BF9B0AD007B4FB0 /* MealDetailsPage.swift in Sources */ = {isa = PBXBuildFile; fileRef = E66633EA2BF9B0AD007B4FB0 /* MealDetailsPage.swift */; };
		E66633ED2BF9E8C4007B4FB0 /* Nutrition.swift in Sources */ = {isa = PBXBuildFile; fileRef = E66633EC2BF9E8C4007B4FB0 /* Nutrition.swift */; };
		E66633F02BF9EA3E007B4FB0 /* Yams in Frameworks */ = {isa = PBXBuildFile; productRef = E66633EF2BF9EA3E007B4FB0 /* Yams */; };
		E66633F22BF9EA50007B4FB0 /* Yams in Frameworks */ = {isa = PBXBuildFile; productRef = E66633F12BF9EA50007B4FB0 /* Yams */; };
		E66633F52BF9F079007B4FB0 /* NutritionUtils.swift in Sources */ = {isa = PBXBuildFile; fileRef = E66633F42BF9F079007B4FB0 /* NutritionUtils.swift */; };
		E66633F72BF9F1D6007B4FB0 /* HealthKitConsentPage.swift in Sources */ = {isa = PBXBuildFile; fileRef = E66633F62BF9F1D6007B4FB0 /* HealthKitConsentPage.swift */; };
		E699D9682BFB0DB3004FB8DC /* MealHistoryPage.swift in Sources */ = {isa = PBXBuildFile; fileRef = E699D9672BFB0DB3004FB8DC /* MealHistoryPage.swift */; };
		E6D0B1372BFCE116002800D1 /* GradientPage.swift in Sources */ = {isa = PBXBuildFile; fileRef = E6D0B1362BFCE116002800D1 /* GradientPage.swift */; };
		E6ED368D2BF4BF0A0096D119 /* NutriSayApp.swift in Sources */ = {isa = PBXBuildFile; fileRef = E6ED368C2BF4BF0A0096D119 /* NutriSayApp.swift */; };
		E6ED368F2BF4BF0A0096D119 /* ContentView.swift in Sources */ = {isa = PBXBuildFile; fileRef = E6ED368E2BF4BF0A0096D119 /* ContentView.swift */; };
		E6ED36912BF4BF0D0096D119 /* Assets.xcassets in Resources */ = {isa = PBXBuildFile; fileRef = E6ED36902BF4BF0D0096D119 /* Assets.xcassets */; };
		E6ED36942BF4BF0D0096D119 /* Preview Assets.xcassets in Resources */ = {isa = PBXBuildFile; fileRef = E6ED36932BF4BF0D0096D119 /* Preview Assets.xcassets */; };
		E6ED369A2BF4BF0D0096D119 /* NutriSAY.app in Embed Watch Content */ = {isa = PBXBuildFile; fileRef = E6ED36992BF4BF0D0096D119 /* NutriSAY.app */; settings = {ATTRIBUTES = (RemoveHeadersOnCopy, ); }; };
		E6ED369F2BF4BF0D0096D119 /* NutriSayApp.swift in Sources */ = {isa = PBXBuildFile; fileRef = E6ED369E2BF4BF0D0096D119 /* NutriSayApp.swift */; };
		E6ED36A12BF4BF0D0096D119 /* ContentView.swift in Sources */ = {isa = PBXBuildFile; fileRef = E6ED36A02BF4BF0D0096D119 /* ContentView.swift */; };
		E6ED36A32BF4BF0E0096D119 /* Assets.xcassets in Resources */ = {isa = PBXBuildFile; fileRef = E6ED36A22BF4BF0E0096D119 /* Assets.xcassets */; };
		E6ED36A62BF4BF0E0096D119 /* Preview Assets.xcassets in Resources */ = {isa = PBXBuildFile; fileRef = E6ED36A52BF4BF0E0096D119 /* Preview Assets.xcassets */; };
		E6EF7B0C2BFC487E009D5F6B /* RingView.swift in Sources */ = {isa = PBXBuildFile; fileRef = E6EF7B0B2BFC487E009D5F6B /* RingView.swift */; };
		E6EF7B0E2BFC679A009D5F6B /* MainMenuPageRing.swift in Sources */ = {isa = PBXBuildFile; fileRef = E6EF7B0D2BFC679A009D5F6B /* MainMenuPageRing.swift */; };
/* End PBXBuildFile section */

/* Begin PBXContainerItemProxy section */
		E6ED369B2BF4BF0D0096D119 /* PBXContainerItemProxy */ = {
			isa = PBXContainerItemProxy;
			containerPortal = E6ED36812BF4BF0A0096D119 /* Project object */;
			proxyType = 1;
			remoteGlobalIDString = E6ED36982BF4BF0D0096D119;
			remoteInfo = "NutriSay Watch App";
		};
/* End PBXContainerItemProxy section */

/* Begin PBXCopyFilesBuildPhase section */
		E6ED36AC2BF4BF0E0096D119 /* Embed Watch Content */ = {
			isa = PBXCopyFilesBuildPhase;
			buildActionMask = 2147483647;
			dstPath = "$(CONTENTS_FOLDER_PATH)/Watch";
			dstSubfolderSpec = 16;
			files = (
				E6ED369A2BF4BF0D0096D119 /* NutriSAY.app in Embed Watch Content */,
			);
			name = "Embed Watch Content";
			runOnlyForDeploymentPostprocessing = 0;
		};
/* End PBXCopyFilesBuildPhase section */

/* Begin PBXFileReference section */
		E624D4CC2BFAEFC500BC201B /* Meal.swift */ = {isa = PBXFileReference; lastKnownFileType = sourcecode.swift; path = Meal.swift; sourceTree = "<group>"; };
		E626557D2BF644C700943FEB /* MainMenuPage.swift */ = {isa = PBXFileReference; lastKnownFileType = sourcecode.swift; path = MainMenuPage.swift; sourceTree = "<group>"; };
		E626557F2BF64BE100943FEB /* AddMealPage.swift */ = {isa = PBXFileReference; lastKnownFileType = sourcecode.swift; path = AddMealPage.swift; sourceTree = "<group>"; };
		E62655872BF70A0500943FEB /* LLMChatViewModel.swift */ = {isa = PBXFileReference; lastKnownFileType = sourcecode.swift; path = LLMChatViewModel.swift; sourceTree = "<group>"; };
		E66633EA2BF9B0AD007B4FB0 /* MealDetailsPage.swift */ = {isa = PBXFileReference; lastKnownFileType = sourcecode.swift; path = MealDetailsPage.swift; sourceTree = "<group>"; };
		E66633EC2BF9E8C4007B4FB0 /* Nutrition.swift */ = {isa = PBXFileReference; lastKnownFileType = sourcecode.swift; path = Nutrition.swift; sourceTree = "<group>"; };
		E66633F42BF9F079007B4FB0 /* NutritionUtils.swift */ = {isa = PBXFileReference; lastKnownFileType = sourcecode.swift; path = NutritionUtils.swift; sourceTree = "<group>"; };
		E66633F62BF9F1D6007B4FB0 /* HealthKitConsentPage.swift */ = {isa = PBXFileReference; lastKnownFileType = sourcecode.swift; path = HealthKitConsentPage.swift; sourceTree = "<group>"; };
		E66633F82BF9F7C9007B4FB0 /* NutriSay Watch App.entitlements */ = {isa = PBXFileReference; lastKnownFileType = text.plist.entitlements; path = "NutriSay Watch App.entitlements"; sourceTree = "<group>"; };
		E699D9672BFB0DB3004FB8DC /* MealHistoryPage.swift */ = {isa = PBXFileReference; lastKnownFileType = sourcecode.swift; path = MealHistoryPage.swift; sourceTree = "<group>"; };
		E6D0B1362BFCE116002800D1 /* GradientPage.swift */ = {isa = PBXFileReference; lastKnownFileType = sourcecode.swift; path = GradientPage.swift; sourceTree = "<group>"; };
		E6ED36892BF4BF0A0096D119 /* NutriSAY.app */ = {isa = PBXFileReference; explicitFileType = wrapper.application; includeInIndex = 0; path = NutriSAY.app; sourceTree = BUILT_PRODUCTS_DIR; };
		E6ED368C2BF4BF0A0096D119 /* NutriSayApp.swift */ = {isa = PBXFileReference; lastKnownFileType = sourcecode.swift; path = NutriSayApp.swift; sourceTree = "<group>"; };
		E6ED368E2BF4BF0A0096D119 /* ContentView.swift */ = {isa = PBXFileReference; lastKnownFileType = sourcecode.swift; path = ContentView.swift; sourceTree = "<group>"; };
		E6ED36902BF4BF0D0096D119 /* Assets.xcassets */ = {isa = PBXFileReference; lastKnownFileType = folder.assetcatalog; path = Assets.xcassets; sourceTree = "<group>"; };
		E6ED36932BF4BF0D0096D119 /* Preview Assets.xcassets */ = {isa = PBXFileReference; lastKnownFileType = folder.assetcatalog; path = "Preview Assets.xcassets"; sourceTree = "<group>"; };
		E6ED36992BF4BF0D0096D119 /* NutriSAY.app */ = {isa = PBXFileReference; explicitFileType = wrapper.application; includeInIndex = 0; path = NutriSAY.app; sourceTree = BUILT_PRODUCTS_DIR; };
		E6ED369E2BF4BF0D0096D119 /* NutriSayApp.swift */ = {isa = PBXFileReference; lastKnownFileType = sourcecode.swift; path = NutriSayApp.swift; sourceTree = "<group>"; };
		E6ED36A02BF4BF0D0096D119 /* ContentView.swift */ = {isa = PBXFileReference; lastKnownFileType = sourcecode.swift; path = ContentView.swift; sourceTree = "<group>"; };
		E6ED36A22BF4BF0E0096D119 /* Assets.xcassets */ = {isa = PBXFileReference; lastKnownFileType = folder.assetcatalog; path = Assets.xcassets; sourceTree = "<group>"; };
		E6ED36A52BF4BF0E0096D119 /* Preview Assets.xcassets */ = {isa = PBXFileReference; lastKnownFileType = folder.assetcatalog; path = "Preview Assets.xcassets"; sourceTree = "<group>"; };
		E6EF7B0B2BFC487E009D5F6B /* RingView.swift */ = {isa = PBXFileReference; lastKnownFileType = sourcecode.swift; path = RingView.swift; sourceTree = "<group>"; };
		E6EF7B0D2BFC679A009D5F6B /* MainMenuPageRing.swift */ = {isa = PBXFileReference; lastKnownFileType = sourcecode.swift; path = MainMenuPageRing.swift; sourceTree = "<group>"; };
/* End PBXFileReference section */

/* Begin PBXFrameworksBuildPhase section */
		E6ED36862BF4BF0A0096D119 /* Frameworks */ = {
			isa = PBXFrameworksBuildPhase;
			buildActionMask = 2147483647;
			files = (
				E66633F22BF9EA50007B4FB0 /* Yams in Frameworks */,
			);
			runOnlyForDeploymentPostprocessing = 0;
		};
		E6ED36962BF4BF0D0096D119 /* Frameworks */ = {
			isa = PBXFrameworksBuildPhase;
			buildActionMask = 2147483647;
			files = (
				E66633F02BF9EA3E007B4FB0 /* Yams in Frameworks */,
			);
			runOnlyForDeploymentPostprocessing = 0;
		};
/* End PBXFrameworksBuildPhase section */

/* Begin PBXGroup section */
		E626557A2BF6446C00943FEB /* Model */ = {
			isa = PBXGroup;
			children = (
				E66633EC2BF9E8C4007B4FB0 /* Nutrition.swift */,
				E624D4CC2BFAEFC500BC201B /* Meal.swift */,
			);
			path = Model;
			sourceTree = "<group>";
		};
		E626557B2BF6447600943FEB /* Views */ = {
			isa = PBXGroup;
			children = (
				E6EF7B0B2BFC487E009D5F6B /* RingView.swift */,
				E6D0B1362BFCE116002800D1 /* GradientPage.swift */,
			);
			path = Views;
			sourceTree = "<group>";
		};
		E626557C2BF644A700943FEB /* Pages */ = {
			isa = PBXGroup;
			children = (
				E626557D2BF644C700943FEB /* MainMenuPage.swift */,
				E6EF7B0D2BFC679A009D5F6B /* MainMenuPageRing.swift */,
				E626557F2BF64BE100943FEB /* AddMealPage.swift */,
				E66633EA2BF9B0AD007B4FB0 /* MealDetailsPage.swift */,
				E66633F62BF9F1D6007B4FB0 /* HealthKitConsentPage.swift */,
				E699D9672BFB0DB3004FB8DC /* MealHistoryPage.swift */,
			);
			path = Pages;
			sourceTree = "<group>";
		};
		E66633F32BF9F065007B4FB0 /* Utils */ = {
			isa = PBXGroup;
			children = (
				E66633F42BF9F079007B4FB0 /* NutritionUtils.swift */,
			);
			path = Utils;
			sourceTree = "<group>";
		};
		E699D9662BFAF2EB004FB8DC /* ViewModel */ = {
			isa = PBXGroup;
			children = (
				E62655872BF70A0500943FEB /* LLMChatViewModel.swift */,
			);
			path = ViewModel;
			sourceTree = "<group>";
		};
		E6ED36802BF4BF0A0096D119 = {
			isa = PBXGroup;
			children = (
				E6ED368B2BF4BF0A0096D119 /* NutriSay */,
				E6ED369D2BF4BF0D0096D119 /* NutriSay Watch App */,
				E6ED368A2BF4BF0A0096D119 /* Products */,
			);
			sourceTree = "<group>";
		};
		E6ED368A2BF4BF0A0096D119 /* Products */ = {
			isa = PBXGroup;
			children = (
				E6ED36892BF4BF0A0096D119 /* NutriSAY.app */,
				E6ED36992BF4BF0D0096D119 /* NutriSAY.app */,
			);
			name = Products;
			sourceTree = "<group>";
		};
		E6ED368B2BF4BF0A0096D119 /* NutriSay */ = {
			isa = PBXGroup;
			children = (
				E6ED368C2BF4BF0A0096D119 /* NutriSayApp.swift */,
				E6ED368E2BF4BF0A0096D119 /* ContentView.swift */,
				E6ED36902BF4BF0D0096D119 /* Assets.xcassets */,
				E6ED36922BF4BF0D0096D119 /* Preview Content */,
			);
			path = NutriSay;
			sourceTree = "<group>";
		};
		E6ED36922BF4BF0D0096D119 /* Preview Content */ = {
			isa = PBXGroup;
			children = (
				E6ED36932BF4BF0D0096D119 /* Preview Assets.xcassets */,
			);
			path = "Preview Content";
			sourceTree = "<group>";
		};
		E6ED369D2BF4BF0D0096D119 /* NutriSay Watch App */ = {
			isa = PBXGroup;
			children = (
				E66633F82BF9F7C9007B4FB0 /* NutriSay Watch App.entitlements */,
				E66633F32BF9F065007B4FB0 /* Utils */,
				E626557A2BF6446C00943FEB /* Model */,
				E699D9662BFAF2EB004FB8DC /* ViewModel */,
				E626557C2BF644A700943FEB /* Pages */,
				E626557B2BF6447600943FEB /* Views */,
				E6ED369E2BF4BF0D0096D119 /* NutriSayApp.swift */,
				E6ED36A02BF4BF0D0096D119 /* ContentView.swift */,
				E6ED36A22BF4BF0E0096D119 /* Assets.xcassets */,
				E6ED36A42BF4BF0E0096D119 /* Preview Content */,
			);
			path = "NutriSay Watch App";
			sourceTree = "<group>";
		};
		E6ED36A42BF4BF0E0096D119 /* Preview Content */ = {
			isa = PBXGroup;
			children = (
				E6ED36A52BF4BF0E0096D119 /* Preview Assets.xcassets */,
			);
			path = "Preview Content";
			sourceTree = "<group>";
		};
/* End PBXGroup section */

/* Begin PBXNativeTarget section */
		E6ED36882BF4BF0A0096D119 /* NutriSAY */ = {
			isa = PBXNativeTarget;
			buildConfigurationList = E6ED36AD2BF4BF0E0096D119 /* Build configuration list for PBXNativeTarget "NutriSAY" */;
			buildPhases = (
				E6ED36852BF4BF0A0096D119 /* Sources */,
				E6ED36862BF4BF0A0096D119 /* Frameworks */,
				E6ED36872BF4BF0A0096D119 /* Resources */,
				E6ED36AC2BF4BF0E0096D119 /* Embed Watch Content */,
			);
			buildRules = (
			);
			dependencies = (
				E6ED369C2BF4BF0D0096D119 /* PBXTargetDependency */,
			);
			name = NutriSAY;
			packageProductDependencies = (
				E66633F12BF9EA50007B4FB0 /* Yams */,
			);
			productName = NutriSay;
			productReference = E6ED36892BF4BF0A0096D119 /* NutriSAY.app */;
			productType = "com.apple.product-type.application";
		};
		E6ED36982BF4BF0D0096D119 /* NutriSAY Watch App */ = {
			isa = PBXNativeTarget;
			buildConfigurationList = E6ED36A92BF4BF0E0096D119 /* Build configuration list for PBXNativeTarget "NutriSAY Watch App" */;
			buildPhases = (
				E6ED36952BF4BF0D0096D119 /* Sources */,
				E6ED36962BF4BF0D0096D119 /* Frameworks */,
				E6ED36972BF4BF0D0096D119 /* Resources */,
			);
			buildRules = (
			);
			dependencies = (
			);
			name = "NutriSAY Watch App";
			packageProductDependencies = (
				E66633EF2BF9EA3E007B4FB0 /* Yams */,
			);
			productName = "NutriSay Watch App";
			productReference = E6ED36992BF4BF0D0096D119 /* NutriSAY.app */;
			productType = "com.apple.product-type.application";
		};
/* End PBXNativeTarget section */

/* Begin PBXProject section */
		E6ED36812BF4BF0A0096D119 /* Project object */ = {
			isa = PBXProject;
			attributes = {
				BuildIndependentTargetsInParallel = 1;
				LastSwiftUpdateCheck = 1530;
				LastUpgradeCheck = 1530;
				TargetAttributes = {
					E6ED36882BF4BF0A0096D119 = {
						CreatedOnToolsVersion = 15.3;
					};
					E6ED36982BF4BF0D0096D119 = {
						CreatedOnToolsVersion = 15.3;
					};
				};
			};
			buildConfigurationList = E6ED36842BF4BF0A0096D119 /* Build configuration list for PBXProject "NutriSAY" */;
			compatibilityVersion = "Xcode 14.0";
			developmentRegion = en;
			hasScannedForEncodings = 0;
			knownRegions = (
				en,
				Base,
			);
			mainGroup = E6ED36802BF4BF0A0096D119;
			packageReferences = (
				E66633EE2BF9E929007B4FB0 /* XCRemoteSwiftPackageReference "Yams" */,
			);
			productRefGroup = E6ED368A2BF4BF0A0096D119 /* Products */;
			projectDirPath = "";
			projectRoot = "";
			targets = (
				E6ED36882BF4BF0A0096D119 /* NutriSAY */,
				E6ED36982BF4BF0D0096D119 /* NutriSAY Watch App */,
			);
		};
/* End PBXProject section */

/* Begin PBXResourcesBuildPhase section */
		E6ED36872BF4BF0A0096D119 /* Resources */ = {
			isa = PBXResourcesBuildPhase;
			buildActionMask = 2147483647;
			files = (
				E6ED36942BF4BF0D0096D119 /* Preview Assets.xcassets in Resources */,
				E6ED36912BF4BF0D0096D119 /* Assets.xcassets in Resources */,
			);
			runOnlyForDeploymentPostprocessing = 0;
		};
		E6ED36972BF4BF0D0096D119 /* Resources */ = {
			isa = PBXResourcesBuildPhase;
			buildActionMask = 2147483647;
			files = (
				E6ED36A62BF4BF0E0096D119 /* Preview Assets.xcassets in Resources */,
				E6ED36A32BF4BF0E0096D119 /* Assets.xcassets in Resources */,
			);
			runOnlyForDeploymentPostprocessing = 0;
		};
/* End PBXResourcesBuildPhase section */

/* Begin PBXSourcesBuildPhase section */
		E6ED36852BF4BF0A0096D119 /* Sources */ = {
			isa = PBXSourcesBuildPhase;
			buildActionMask = 2147483647;
			files = (
				E6ED368F2BF4BF0A0096D119 /* ContentView.swift in Sources */,
				E6ED368D2BF4BF0A0096D119 /* NutriSayApp.swift in Sources */,
			);
			runOnlyForDeploymentPostprocessing = 0;
		};
		E6ED36952BF4BF0D0096D119 /* Sources */ = {
			isa = PBXSourcesBuildPhase;
			buildActionMask = 2147483647;
			files = (
				E62655802BF64BE100943FEB /* AddMealPage.swift in Sources */,
				E6ED36A12BF4BF0D0096D119 /* ContentView.swift in Sources */,
				E699D9682BFB0DB3004FB8DC /* MealHistoryPage.swift in Sources */,
				E66633EB2BF9B0AD007B4FB0 /* MealDetailsPage.swift in Sources */,
				E6D0B1372BFCE116002800D1 /* GradientPage.swift in Sources */,
				E624D4CD2BFAEFC500BC201B /* Meal.swift in Sources */,
				E6EF7B0C2BFC487E009D5F6B /* RingView.swift in Sources */,
				E6EF7B0E2BFC679A009D5F6B /* MainMenuPageRing.swift in Sources */,
				E66633F72BF9F1D6007B4FB0 /* HealthKitConsentPage.swift in Sources */,
				E66633ED2BF9E8C4007B4FB0 /* Nutrition.swift in Sources */,
				E626557E2BF644C700943FEB /* MainMenuPage.swift in Sources */,
				E66633F52BF9F079007B4FB0 /* NutritionUtils.swift in Sources */,
				E62655882BF70A0500943FEB /* LLMChatViewModel.swift in Sources */,
				E6ED369F2BF4BF0D0096D119 /* NutriSayApp.swift in Sources */,
			);
			runOnlyForDeploymentPostprocessing = 0;
		};
/* End PBXSourcesBuildPhase section */

/* Begin PBXTargetDependency section */
		E6ED369C2BF4BF0D0096D119 /* PBXTargetDependency */ = {
			isa = PBXTargetDependency;
			target = E6ED36982BF4BF0D0096D119 /* NutriSAY Watch App */;
			targetProxy = E6ED369B2BF4BF0D0096D119 /* PBXContainerItemProxy */;
		};
/* End PBXTargetDependency section */

/* Begin XCBuildConfiguration section */
		E6ED36A72BF4BF0E0096D119 /* Debug */ = {
			isa = XCBuildConfiguration;
			buildSettings = {
				ALWAYS_SEARCH_USER_PATHS = NO;
				ASSETCATALOG_COMPILER_GENERATE_SWIFT_ASSET_SYMBOL_EXTENSIONS = YES;
				CLANG_ANALYZER_NONNULL = YES;
				CLANG_ANALYZER_NUMBER_OBJECT_CONVERSION = YES_AGGRESSIVE;
				CLANG_CXX_LANGUAGE_STANDARD = "gnu++20";
				CLANG_ENABLE_MODULES = YES;
				CLANG_ENABLE_OBJC_ARC = YES;
				CLANG_ENABLE_OBJC_WEAK = YES;
				CLANG_WARN_BLOCK_CAPTURE_AUTORELEASING = YES;
				CLANG_WARN_BOOL_CONVERSION = YES;
				CLANG_WARN_COMMA = YES;
				CLANG_WARN_CONSTANT_CONVERSION = YES;
				CLANG_WARN_DEPRECATED_OBJC_IMPLEMENTATIONS = YES;
				CLANG_WARN_DIRECT_OBJC_ISA_USAGE = YES_ERROR;
				CLANG_WARN_DOCUMENTATION_COMMENTS = YES;
				CLANG_WARN_EMPTY_BODY = YES;
				CLANG_WARN_ENUM_CONVERSION = YES;
				CLANG_WARN_INFINITE_RECURSION = YES;
				CLANG_WARN_INT_CONVERSION = YES;
				CLANG_WARN_NON_LITERAL_NULL_CONVERSION = YES;
				CLANG_WARN_OBJC_IMPLICIT_RETAIN_SELF = YES;
				CLANG_WARN_OBJC_LITERAL_CONVERSION = YES;
				CLANG_WARN_OBJC_ROOT_CLASS = YES_ERROR;
				CLANG_WARN_QUOTED_INCLUDE_IN_FRAMEWORK_HEADER = YES;
				CLANG_WARN_RANGE_LOOP_ANALYSIS = YES;
				CLANG_WARN_STRICT_PROTOTYPES = YES;
				CLANG_WARN_SUSPICIOUS_MOVE = YES;
				CLANG_WARN_UNGUARDED_AVAILABILITY = YES_AGGRESSIVE;
				CLANG_WARN_UNREACHABLE_CODE = YES;
				CLANG_WARN__DUPLICATE_METHOD_MATCH = YES;
				COPY_PHASE_STRIP = NO;
				DEBUG_INFORMATION_FORMAT = dwarf;
				ENABLE_STRICT_OBJC_MSGSEND = YES;
				ENABLE_TESTABILITY = YES;
				ENABLE_USER_SCRIPT_SANDBOXING = YES;
				GCC_C_LANGUAGE_STANDARD = gnu17;
				GCC_DYNAMIC_NO_PIC = NO;
				GCC_NO_COMMON_BLOCKS = YES;
				GCC_OPTIMIZATION_LEVEL = 0;
				GCC_PREPROCESSOR_DEFINITIONS = (
					"DEBUG=1",
					"$(inherited)",
				);
				GCC_WARN_64_TO_32_BIT_CONVERSION = YES;
				GCC_WARN_ABOUT_RETURN_TYPE = YES_ERROR;
				GCC_WARN_UNDECLARED_SELECTOR = YES;
				GCC_WARN_UNINITIALIZED_AUTOS = YES_AGGRESSIVE;
				GCC_WARN_UNUSED_FUNCTION = YES;
				GCC_WARN_UNUSED_VARIABLE = YES;
				LOCALIZATION_PREFERS_STRING_CATALOGS = YES;
				MTL_ENABLE_DEBUG_INFO = INCLUDE_SOURCE;
				MTL_FAST_MATH = YES;
				ONLY_ACTIVE_ARCH = YES;
				SWIFT_ACTIVE_COMPILATION_CONDITIONS = "DEBUG $(inherited)";
				SWIFT_OPTIMIZATION_LEVEL = "-Onone";
			};
			name = Debug;
		};
		E6ED36A82BF4BF0E0096D119 /* Release */ = {
			isa = XCBuildConfiguration;
			buildSettings = {
				ALWAYS_SEARCH_USER_PATHS = NO;
				ASSETCATALOG_COMPILER_GENERATE_SWIFT_ASSET_SYMBOL_EXTENSIONS = YES;
				CLANG_ANALYZER_NONNULL = YES;
				CLANG_ANALYZER_NUMBER_OBJECT_CONVERSION = YES_AGGRESSIVE;
				CLANG_CXX_LANGUAGE_STANDARD = "gnu++20";
				CLANG_ENABLE_MODULES = YES;
				CLANG_ENABLE_OBJC_ARC = YES;
				CLANG_ENABLE_OBJC_WEAK = YES;
				CLANG_WARN_BLOCK_CAPTURE_AUTORELEASING = YES;
				CLANG_WARN_BOOL_CONVERSION = YES;
				CLANG_WARN_COMMA = YES;
				CLANG_WARN_CONSTANT_CONVERSION = YES;
				CLANG_WARN_DEPRECATED_OBJC_IMPLEMENTATIONS = YES;
				CLANG_WARN_DIRECT_OBJC_ISA_USAGE = YES_ERROR;
				CLANG_WARN_DOCUMENTATION_COMMENTS = YES;
				CLANG_WARN_EMPTY_BODY = YES;
				CLANG_WARN_ENUM_CONVERSION = YES;
				CLANG_WARN_INFINITE_RECURSION = YES;
				CLANG_WARN_INT_CONVERSION = YES;
				CLANG_WARN_NON_LITERAL_NULL_CONVERSION = YES;
				CLANG_WARN_OBJC_IMPLICIT_RETAIN_SELF = YES;
				CLANG_WARN_OBJC_LITERAL_CONVERSION = YES;
				CLANG_WARN_OBJC_ROOT_CLASS = YES_ERROR;
				CLANG_WARN_QUOTED_INCLUDE_IN_FRAMEWORK_HEADER = YES;
				CLANG_WARN_RANGE_LOOP_ANALYSIS = YES;
				CLANG_WARN_STRICT_PROTOTYPES = YES;
				CLANG_WARN_SUSPICIOUS_MOVE = YES;
				CLANG_WARN_UNGUARDED_AVAILABILITY = YES_AGGRESSIVE;
				CLANG_WARN_UNREACHABLE_CODE = YES;
				CLANG_WARN__DUPLICATE_METHOD_MATCH = YES;
				COPY_PHASE_STRIP = NO;
				DEBUG_INFORMATION_FORMAT = "dwarf-with-dsym";
				ENABLE_NS_ASSERTIONS = NO;
				ENABLE_STRICT_OBJC_MSGSEND = YES;
				ENABLE_USER_SCRIPT_SANDBOXING = YES;
				GCC_C_LANGUAGE_STANDARD = gnu17;
				GCC_NO_COMMON_BLOCKS = YES;
				GCC_WARN_64_TO_32_BIT_CONVERSION = YES;
				GCC_WARN_ABOUT_RETURN_TYPE = YES_ERROR;
				GCC_WARN_UNDECLARED_SELECTOR = YES;
				GCC_WARN_UNINITIALIZED_AUTOS = YES_AGGRESSIVE;
				GCC_WARN_UNUSED_FUNCTION = YES;
				GCC_WARN_UNUSED_VARIABLE = YES;
				LOCALIZATION_PREFERS_STRING_CATALOGS = YES;
				MTL_ENABLE_DEBUG_INFO = NO;
				MTL_FAST_MATH = YES;
				SWIFT_COMPILATION_MODE = wholemodule;
			};
			name = Release;
		};
		E6ED36AA2BF4BF0E0096D119 /* Debug */ = {
			isa = XCBuildConfiguration;
			buildSettings = {
				ASSETCATALOG_COMPILER_APPICON_NAME = AppIcon;
				ASSETCATALOG_COMPILER_GLOBAL_ACCENT_COLOR_NAME = AccentColor;
				CODE_SIGN_ENTITLEMENTS = "NutriSay Watch App/NutriSay Watch App.entitlements";
				CODE_SIGN_STYLE = Automatic;
				CURRENT_PROJECT_VERSION = 1;
				DEVELOPMENT_ASSET_PATHS = "\"NutriSay Watch App/Preview Content\"";
				DEVELOPMENT_TEAM = J4KR4C3C23;
				ENABLE_PREVIEWS = YES;
				GENERATE_INFOPLIST_FILE = YES;
				INFOPLIST_KEY_NSHealthShareUsageDescription = "We need access to read your nutrition data in app from HealthKit.";
				INFOPLIST_KEY_NSHealthUpdateUsageDescription = "We need access to sync your nutrition data in HealthKit.";
				INFOPLIST_KEY_UISupportedInterfaceOrientations = "UIInterfaceOrientationPortrait UIInterfaceOrientationPortraitUpsideDown";
				INFOPLIST_KEY_WKCompanionAppBundleIdentifier = dev.bytebooster.NutriSay;
				LD_RUNPATH_SEARCH_PATHS = (
					"$(inherited)",
					"@executable_path/Frameworks",
				);
				MARKETING_VERSION = 1.0;
				PRODUCT_BUNDLE_IDENTIFIER = dev.bytebooster.NutriSay.watchkitapp;
				PRODUCT_NAME = NutriSAY;
				SDKROOT = watchos;
				SKIP_INSTALL = YES;
				SWIFT_EMIT_LOC_STRINGS = YES;
				SWIFT_VERSION = 5.0;
				TARGETED_DEVICE_FAMILY = 4;
				WATCHOS_DEPLOYMENT_TARGET = 10.0;
			};
			name = Debug;
		};
		E6ED36AB2BF4BF0E0096D119 /* Release */ = {
			isa = XCBuildConfiguration;
			buildSettings = {
				ASSETCATALOG_COMPILER_APPICON_NAME = AppIcon;
				ASSETCATALOG_COMPILER_GLOBAL_ACCENT_COLOR_NAME = AccentColor;
				CODE_SIGN_ENTITLEMENTS = "NutriSay Watch App/NutriSay Watch App.entitlements";
				CODE_SIGN_STYLE = Automatic;
				CURRENT_PROJECT_VERSION = 1;
				DEVELOPMENT_ASSET_PATHS = "\"NutriSay Watch App/Preview Content\"";
				DEVELOPMENT_TEAM = J4KR4C3C23;
				ENABLE_PREVIEWS = YES;
				GENERATE_INFOPLIST_FILE = YES;
				INFOPLIST_KEY_NSHealthShareUsageDescription = "We need access to read your nutrition data in app from HealthKit.";
				INFOPLIST_KEY_NSHealthUpdateUsageDescription = "We need access to sync your nutrition data in HealthKit.";
				INFOPLIST_KEY_UISupportedInterfaceOrientations = "UIInterfaceOrientationPortrait UIInterfaceOrientationPortraitUpsideDown";
				INFOPLIST_KEY_WKCompanionAppBundleIdentifier = dev.bytebooster.NutriSay;
				LD_RUNPATH_SEARCH_PATHS = (
					"$(inherited)",
					"@executable_path/Frameworks",
				);
				MARKETING_VERSION = 1.0;
				PRODUCT_BUNDLE_IDENTIFIER = dev.bytebooster.NutriSay.watchkitapp;
				PRODUCT_NAME = NutriSAY;
				SDKROOT = watchos;
				SKIP_INSTALL = YES;
				SWIFT_EMIT_LOC_STRINGS = YES;
				SWIFT_VERSION = 5.0;
				TARGETED_DEVICE_FAMILY = 4;
				VALIDATE_PRODUCT = YES;
				WATCHOS_DEPLOYMENT_TARGET = 10.0;
			};
			name = Release;
		};
		E6ED36AE2BF4BF0E0096D119 /* Debug */ = {
			isa = XCBuildConfiguration;
			buildSettings = {
				ALWAYS_EMBED_SWIFT_STANDARD_LIBRARIES = YES;
				ASSETCATALOG_COMPILER_APPICON_NAME = AppIcon;
				ASSETCATALOG_COMPILER_GLOBAL_ACCENT_COLOR_NAME = AccentColor;
				CODE_SIGN_STYLE = Automatic;
				CURRENT_PROJECT_VERSION = 1;
				DEVELOPMENT_ASSET_PATHS = "\"NutriSay/Preview Content\"";
				DEVELOPMENT_TEAM = J4KR4C3C23;
				ENABLE_PREVIEWS = YES;
				GENERATE_INFOPLIST_FILE = YES;
				INFOPLIST_KEY_CFBundleDisplayName = NutriSAY;
				INFOPLIST_KEY_UIApplicationSceneManifest_Generation = YES;
				INFOPLIST_KEY_UIApplicationSupportsIndirectInputEvents = YES;
				INFOPLIST_KEY_UILaunchScreen_Generation = YES;
				INFOPLIST_KEY_UISupportedInterfaceOrientations_iPad = "UIInterfaceOrientationPortrait UIInterfaceOrientationPortraitUpsideDown UIInterfaceOrientationLandscapeLeft UIInterfaceOrientationLandscapeRight";
				INFOPLIST_KEY_UISupportedInterfaceOrientations_iPhone = "UIInterfaceOrientationPortrait UIInterfaceOrientationLandscapeLeft UIInterfaceOrientationLandscapeRight";
				IPHONEOS_DEPLOYMENT_TARGET = 17.2;
				LD_RUNPATH_SEARCH_PATHS = (
					"$(inherited)",
					"@executable_path/Frameworks",
				);
				MARKETING_VERSION = 1.0;
				PRODUCT_BUNDLE_IDENTIFIER = dev.bytebooster.NutriSay;
				PRODUCT_NAME = "$(TARGET_NAME)";
				SDKROOT = iphoneos;
				SWIFT_EMIT_LOC_STRINGS = YES;
				SWIFT_VERSION = 5.0;
				TARGETED_DEVICE_FAMILY = "1,2";
			};
			name = Debug;
		};
		E6ED36AF2BF4BF0E0096D119 /* Release */ = {
			isa = XCBuildConfiguration;
			buildSettings = {
				ALWAYS_EMBED_SWIFT_STANDARD_LIBRARIES = YES;
				ASSETCATALOG_COMPILER_APPICON_NAME = AppIcon;
				ASSETCATALOG_COMPILER_GLOBAL_ACCENT_COLOR_NAME = AccentColor;
				CODE_SIGN_STYLE = Automatic;
				CURRENT_PROJECT_VERSION = 1;
				DEVELOPMENT_ASSET_PATHS = "\"NutriSay/Preview Content\"";
				DEVELOPMENT_TEAM = J4KR4C3C23;
				ENABLE_PREVIEWS = YES;
				GENERATE_INFOPLIST_FILE = YES;
				INFOPLIST_KEY_CFBundleDisplayName = NutriSAY;
				INFOPLIST_KEY_UIApplicationSceneManifest_Generation = YES;
				INFOPLIST_KEY_UIApplicationSupportsIndirectInputEvents = YES;
				INFOPLIST_KEY_UILaunchScreen_Generation = YES;
				INFOPLIST_KEY_UISupportedInterfaceOrientations_iPad = "UIInterfaceOrientationPortrait UIInterfaceOrientationPortraitUpsideDown UIInterfaceOrientationLandscapeLeft UIInterfaceOrientationLandscapeRight";
				INFOPLIST_KEY_UISupportedInterfaceOrientations_iPhone = "UIInterfaceOrientationPortrait UIInterfaceOrientationLandscapeLeft UIInterfaceOrientationLandscapeRight";
				IPHONEOS_DEPLOYMENT_TARGET = 17.2;
				LD_RUNPATH_SEARCH_PATHS = (
					"$(inherited)",
					"@executable_path/Frameworks",
				);
				MARKETING_VERSION = 1.0;
				PRODUCT_BUNDLE_IDENTIFIER = dev.bytebooster.NutriSay;
				PRODUCT_NAME = "$(TARGET_NAME)";
				SDKROOT = iphoneos;
				SWIFT_EMIT_LOC_STRINGS = YES;
				SWIFT_VERSION = 5.0;
				TARGETED_DEVICE_FAMILY = "1,2";
				VALIDATE_PRODUCT = YES;
			};
			name = Release;
		};
/* End XCBuildConfiguration section */

/* Begin XCConfigurationList section */
		E6ED36842BF4BF0A0096D119 /* Build configuration list for PBXProject "NutriSAY" */ = {
			isa = XCConfigurationList;
			buildConfigurations = (
				E6ED36A72BF4BF0E0096D119 /* Debug */,
				E6ED36A82BF4BF0E0096D119 /* Release */,
			);
			defaultConfigurationIsVisible = 0;
			defaultConfigurationName = Release;
		};
		E6ED36A92BF4BF0E0096D119 /* Build configuration list for PBXNativeTarget "NutriSAY Watch App" */ = {
			isa = XCConfigurationList;
			buildConfigurations = (
				E6ED36AA2BF4BF0E0096D119 /* Debug */,
				E6ED36AB2BF4BF0E0096D119 /* Release */,
			);
			defaultConfigurationIsVisible = 0;
			defaultConfigurationName = Release;
		};
		E6ED36AD2BF4BF0E0096D119 /* Build configuration list for PBXNativeTarget "NutriSAY" */ = {
			isa = XCConfigurationList;
			buildConfigurations = (
				E6ED36AE2BF4BF0E0096D119 /* Debug */,
				E6ED36AF2BF4BF0E0096D119 /* Release */,
			);
			defaultConfigurationIsVisible = 0;
			defaultConfigurationName = Release;
		};
/* End XCConfigurationList section */

/* Begin XCRemoteSwiftPackageReference section */
		E66633EE2BF9E929007B4FB0 /* XCRemoteSwiftPackageReference "Yams" */ = {
			isa = XCRemoteSwiftPackageReference;
			repositoryURL = "https://github.com/jpsim/Yams";
			requirement = {
				kind = upToNextMajorVersion;
				minimumVersion = 5.1.2;
			};
		};
/* End XCRemoteSwiftPackageReference section */

/* Begin XCSwiftPackageProductDependency section */
		E66633EF2BF9EA3E007B4FB0 /* Yams */ = {
			isa = XCSwiftPackageProductDependency;
			package = E66633EE2BF9E929007B4FB0 /* XCRemoteSwiftPackageReference "Yams" */;
			productName = Yams;
		};
		E66633F12BF9EA50007B4FB0 /* Yams */ = {
			isa = XCSwiftPackageProductDependency;
			package = E66633EE2BF9E929007B4FB0 /* XCRemoteSwiftPackageReference "Yams" */;
			productName = Yams;
		};
/* End XCSwiftPackageProductDependency section */
	};
	rootObject = E6ED36812BF4BF0A0096D119 /* Project object */;
}
